Microsoft Visual Studio Solution File, Format Version 11.00
# Visual Studio 2008

Project("{6B83533D-518F-6230-6AD2-BEA930DF6931}") = "Extra Firm", "Assembly-CSharp-vs.csproj", "{7914C8F0-0683-4043-4403-6F421C10BE5B}"
EndProject
Global
	GlobalSection(SolutionConfigurationPlatforms) = preSolution
		Debug|Any CPU = Debug|Any CPU
		Release|Any CPU = Release|Any CPU
	EndGlobalSection
	GlobalSection(ProjectConfigurationPlatforms) = postSolution
		{7914C8F0-0683-4043-4403-6F421C10BE5B}.Debug|Any CPU.ActiveCfg = Debug|Any CPU
		{7914C8F0-0683-4043-4403-6F421C10BE5B}.Debug|Any CPU.Build.0 = Debug|Any CPU
		{7914C8F0-0683-4043-4403-6F421C10BE5B}.Release|Any CPU.ActiveCfg = Release|Any CPU
		{7914C8F0-0683-4043-4403-6F421C10BE5B}.Release|Any CPU.Build.0 = Release|Any CPU
	EndGlobalSection
	GlobalSection(SolutionProperties) = preSolution
		HideSolutionNode = FALSE
	EndGlobalSection
																																									GlobalSection(MonoDevelopProperties) = preSolution
=======
																																						GlobalSection(MonoDevelopProperties) = preSolution
>>>>>>> origin/master
=======
										GlobalSection(MonoDevelopProperties) = preSolution
>>>>>>> 7f91abeac6dc6acb1bd22cfad2471d67a21b16c8
		StartupItem = Assembly-CSharp.csproj
		Policies = $0
		$0.TextStylePolicy = $1
		$1.inheritsSet = null
		$1.scope = text/x-csharp
		$0.CSharpFormattingPolicy = $2
		$2.inheritsSet = Mono
		$2.inheritsScope = text/x-csharp
		$2.scope = text/x-csharp
		$0.TextStylePolicy = $3
		$3.FileWidth = 120
		$3.TabWidth = 4
		$3.IndentWidth = 4
		$3.EolMarker = Unix
		$3.inheritsSet = Mono
		$3.inheritsScope = text/plain
		$3.scope = text/plain
	EndGlobalSection

EndGlobal
